<?xml version="1.0" encoding="UTF-8" standalone="yes" ?>
<CodeBlocks_project_file>
	<FileVersion major="1" minor="6" />
	<Project>
		<Option title="Primer Parcial" />
		<Option pch_mode="2" />
		<Option compiler="gcc" />
		<Build>
			<Target title="Debug">
				<Option output="bin/Debug/Primer Parcial" prefix_auto="1" extension_auto="1" />
				<Option object_output="obj/Debug/" />
				<Option type="1" />
				<Option compiler="gcc" />
				<Compiler>
					<Add option="-g" />
				</Compiler>
			</Target>
			<Target title="Release">
				<Option output="bin/Release/Primer Parcial" prefix_auto="1" extension_auto="1" />
				<Option object_output="obj/Release/" />
				<Option type="1" />
				<Option compiler="gcc" />
				<Compiler>
					<Add option="-O2" />
				</Compiler>
				<Linker>
					<Add option="-s" />
				</Linker>
			</Target>
		</Build>
		<Compiler>
			<Add option="-Wall" />
		</Compiler>
		<Unit filename="EntradaySalida.c">
			<Option compilerVar="CC" />
		</Unit>
		<Unit filename="EntradaySalida.h" />
		<Unit filename="Mascota_raza.c">
			<Option compilerVar="CC" />
		</Unit>
		<Unit filename="Mascota_raza.h" />
		<Unit filename="Mascotas.c">
			<Option compilerVar="CC" />
		</Unit>
		<Unit filename="Mascotas.h" />
		<Unit filename="Pais.c">
			<Option compilerVar="CC" />
		</Unit>
		<Unit filename="Pais.h" />
		<Unit filename="Pais_mascota.c">
			<Option compilerVar="CC" />
		</Unit>
		<Unit filename="Pais_mascota.h" />
		<Unit filename="Raza.c">
			<Option compilerVar="CC" />
		</Unit>
		<Unit filename="Raza.h" />
		<Unit filename="main.c">
			<Option compilerVar="CC" />
		</Unit>
		<Extensions>
			<lib_finder disable_auto="1" />
		</Extensions>
	</Project>
</CodeBlocks_project_file>
